{
  "version": 4,
  "terraform_version": "0.15.3",
  "serial": 87,
  "lineage": "74b59027-f4ad-b36b-ac9a-6b3aa995d7a6",
  "outputs": {},
  "resources": [
    {
      "mode": "managed",
      "type": "aws_lambda_permission",
      "name": "allow_bucket",
      "provider": "provider[\"registry.terraform.io/hashicorp/aws\"]",
      "instances": [
        {
          "schema_version": 0,
          "attributes": {
            "action": "lambda:InvokeFunction",
            "event_source_token": null,
            "function_name": "arn:aws:lambda:us-east-1:583338675555:function:DIC-LambdaS3Transfer",
            "id": "AllowExecutionFromS3Bucket",
            "principal": "s3.amazonaws.com",
            "qualifier": "",
            "source_account": null,
            "source_arn": "arn:aws:s3:::raw-583338675555",
            "statement_id": "AllowExecutionFromS3Bucket",
            "statement_id_prefix": null
          },
          "sensitive_attributes": [],
          "private": "bnVsbA==",
          "dependencies": [
            "module.Lambda.aws_iam_role.iam_for_lambda",
            "module.Lambda.aws_lambda_function.s3MoveFilesLambda",
            "module.s3.aws_s3_bucket.s3-bucket"
          ]
        }
      ]
    },
    {
      "module": "module.Lambda",
      "mode": "managed",
      "type": "aws_cloudwatch_log_group",
      "name": "example",
      "provider": "provider[\"registry.terraform.io/hashicorp/aws\"]",
      "instances": [
        {
          "schema_version": 0,
          "attributes": {
            "arn": "arn:aws:logs:us-east-1:583338675555:log-group:/aws/lambda/DIC-LambdaS3Transfer",
            "id": "/aws/lambda/DIC-LambdaS3Transfer",
            "kms_key_id": "",
            "name": "/aws/lambda/DIC-LambdaS3Transfer",
            "name_prefix": null,
            "retention_in_days": 14,
            "tags": {},
            "tags_all": {}
          },
          "sensitive_attributes": [],
          "private": "bnVsbA=="
        }
      ]
    },
    {
      "module": "module.Lambda",
      "mode": "managed",
      "type": "aws_iam_policy",
      "name": "lambda_logging",
      "provider": "provider[\"registry.terraform.io/hashicorp/aws\"]",
      "instances": [
        {
          "schema_version": 0,
          "attributes": {
            "arn": "arn:aws:iam::583338675555:policy/lambda_logging",
            "description": "IAM policy for logging from a lambda",
            "id": "arn:aws:iam::583338675555:policy/lambda_logging",
            "name": "lambda_logging",
            "name_prefix": null,
            "path": "/",
            "policy": "{\r\n  \"Version\": \"2012-10-17\",\r\n  \"Statement\": [\r\n    {\r\n      \"Action\": [\r\n        \"logs:CreateLogGroup\",\r\n        \"logs:CreateLogStream\",\r\n        \"logs:PutLogEvents\"\r\n      ],\r\n      \"Resource\": \"arn:aws:logs:*:*:*\",\r\n      \"Effect\": \"Allow\"\r\n    }\r\n  ]\r\n}\r\n",
            "policy_id": "ANPAYPUNRZVRZTEK6W637",
            "tags": {},
            "tags_all": {}
          },
          "sensitive_attributes": [],
          "private": "bnVsbA=="
        }
      ]
    },
    {
      "module": "module.Lambda",
      "mode": "managed",
      "type": "aws_iam_role",
      "name": "iam_for_lambda",
      "provider": "provider[\"registry.terraform.io/hashicorp/aws\"]",
      "instances": [
        {
          "schema_version": 0,
          "attributes": {
            "arn": "arn:aws:iam::583338675555:role/Serverless-DataInCloud",
            "assume_role_policy": "{\"Version\":\"2012-10-17\",\"Statement\":[{\"Sid\":\"\",\"Effect\":\"Allow\",\"Principal\":{\"Service\":\"lambda.amazonaws.com\"},\"Action\":\"sts:AssumeRole\"}]}",
            "create_date": "2021-09-10T02:05:11Z",
            "description": "",
            "force_detach_policies": false,
            "id": "Serverless-DataInCloud",
            "inline_policy": [
              {
                "name": "",
                "policy": ""
              }
            ],
            "managed_policy_arns": [
              "arn:aws:iam::583338675555:policy/lambda_logging"
            ],
            "max_session_duration": 3600,
            "name": "Serverless-DataInCloud",
            "name_prefix": null,
            "path": "/",
            "permissions_boundary": null,
            "tags": {},
            "tags_all": {},
            "unique_id": "AROAYPUNRZVRVE5WCLT7G"
          },
          "sensitive_attributes": [],
          "private": "bnVsbA=="
        }
      ]
    },
    {
      "module": "module.Lambda",
      "mode": "managed",
      "type": "aws_iam_role_policy_attachment",
      "name": "lambda_logs",
      "provider": "provider[\"registry.terraform.io/hashicorp/aws\"]",
      "instances": [
        {
          "schema_version": 0,
          "attributes": {
            "id": "Serverless-DataInCloud-20210910025635700600000001",
            "policy_arn": "arn:aws:iam::583338675555:policy/lambda_logging",
            "role": "Serverless-DataInCloud"
          },
          "sensitive_attributes": [],
          "private": "bnVsbA==",
          "dependencies": [
            "module.Lambda.aws_iam_policy.lambda_logging",
            "module.Lambda.aws_iam_role.iam_for_lambda"
          ]
        }
      ]
    },
    {
      "module": "module.Lambda",
      "mode": "managed",
      "type": "aws_lambda_function",
      "name": "s3MoveFilesLambda",
      "provider": "provider[\"registry.terraform.io/hashicorp/aws\"]",
      "instances": [
        {
          "schema_version": 0,
          "attributes": {
            "arn": "arn:aws:lambda:us-east-1:583338675555:function:DIC-LambdaS3Transfer",
            "code_signing_config_arn": "",
            "dead_letter_config": [],
            "description": "",
            "environment": [
              {
                "variables": {
                  "Destination_Bucket": "validated-583338675555",
                  "Name": "dic-lambdas3transfer"
                }
              }
            ],
            "file_system_config": [],
            "filename": "../../Lambdas/Transfers3Data/Transfers3Data/bin/Release/netcoreapp3.1/Transfers3Data.zip",
            "function_name": "DIC-LambdaS3Transfer",
            "handler": "Transfers3Data::Transfers3Data.Function::FunctionHandler",
            "id": "DIC-LambdaS3Transfer",
            "image_config": [],
            "image_uri": "",
            "invoke_arn": "arn:aws:apigateway:us-east-1:lambda:path/2015-03-31/functions/arn:aws:lambda:us-east-1:583338675555:function:DIC-LambdaS3Transfer/invocations",
            "kms_key_arn": "",
            "last_modified": "2021-09-12T21:29:34.164+0000",
            "layers": [],
            "memory_size": 128,
            "package_type": "Zip",
            "publish": false,
            "qualified_arn": "arn:aws:lambda:us-east-1:583338675555:function:DIC-LambdaS3Transfer:$LATEST",
            "reserved_concurrent_executions": -1,
            "role": "arn:aws:iam::583338675555:role/Serverless-DataInCloud",
            "runtime": "dotnetcore3.1",
            "s3_bucket": null,
            "s3_key": null,
            "s3_object_version": null,
            "signing_job_arn": "",
            "signing_profile_version_arn": "",
            "source_code_hash": "z3tsD0wakdfa+cuzsz70MYWpaC62/KXeP6KByFbJ/wE=",
            "source_code_size": 510999,
            "tags": {},
            "tags_all": {},
            "timeout": 50,
            "timeouts": null,
            "tracing_config": [
              {
                "mode": "PassThrough"
              }
            ],
            "version": "$LATEST",
            "vpc_config": []
          },
          "sensitive_attributes": [],
          "private": "eyJlMmJmYjczMC1lY2FhLTExZTYtOGY4OC0zNDM2M2JjN2M0YzAiOnsiY3JlYXRlIjo2MDAwMDAwMDAwMDB9fQ==",
          "dependencies": [
            "module.Lambda.aws_iam_role.iam_for_lambda",
            "module.s3.aws_s3_bucket.s3-bucket"
          ]
        }
      ]
    },
    {
      "module": "module.glue",
      "mode": "managed",
      "type": "aws_glue_catalog_database",
      "name": "aws_glue_catalog_database",
      "provider": "provider[\"registry.terraform.io/hashicorp/aws\"]",
      "instances": [
        {
          "schema_version": 0,
          "attributes": {
            "arn": "arn:aws:glue:us-east-1:583338675555:database/crimedata",
            "catalog_id": "583338675555",
            "description": "",
            "id": "583338675555:crimedata",
            "location_uri": "",
            "name": "crimedata",
            "parameters": {},
            "target_database": []
          },
          "sensitive_attributes": [],
          "private": "bnVsbA=="
        }
      ]
    },
    {
      "module": "module.glue",
      "mode": "managed",
      "type": "aws_glue_crawler",
      "name": "getValidatedData",
      "provider": "provider[\"registry.terraform.io/hashicorp/aws\"]",
      "instances": [
        {
          "schema_version": 0,
          "attributes": {
            "arn": "arn:aws:glue:us-east-1:583338675555:crawler/GetValidatedData",
            "catalog_target": [],
            "classifiers": null,
            "configuration": "",
            "database_name": "crimedata",
            "description": "",
            "dynamodb_target": [],
            "id": "GetValidatedData",
            "jdbc_target": [],
            "lineage_configuration": [
              {
                "crawler_lineage_settings": "DISABLE"
              }
            ],
            "mongodb_target": [],
            "name": "GetValidatedData",
            "recrawl_policy": [
              {
                "recrawl_behavior": "CRAWL_EVERYTHING"
              }
            ],
            "role": "GlueAdmin",
            "s3_target": [
              {
                "connection_name": "",
                "exclusions": null,
                "path": "s3://arn:aws:s3:::validated-583338675555",
                "sample_size": 0
              }
            ],
            "schedule": "",
            "schema_change_policy": [
              {
                "delete_behavior": "DEPRECATE_IN_DATABASE",
                "update_behavior": "UPDATE_IN_DATABASE"
              }
            ],
            "security_configuration": "",
            "table_prefix": "",
            "tags": null,
            "tags_all": {}
          },
          "sensitive_attributes": [],
          "private": "bnVsbA==",
          "dependencies": [
            "module.s3.aws_s3_bucket.s3-bucket"
          ]
        }
      ]
    },
    {
      "module": "module.s3[0]",
      "mode": "managed",
      "type": "aws_s3_bucket",
      "name": "s3-bucket",
      "provider": "provider[\"registry.terraform.io/hashicorp/aws\"]",
      "instances": [
        {
          "schema_version": 0,
          "attributes": {
            "acceleration_status": "",
            "acl": "private",
            "arn": "arn:aws:s3:::raw-583338675555",
            "bucket": "raw-583338675555",
            "bucket_domain_name": "raw-583338675555.s3.amazonaws.com",
            "bucket_prefix": null,
            "bucket_regional_domain_name": "raw-583338675555.s3.amazonaws.com",
            "cors_rule": [],
            "force_destroy": false,
            "grant": [],
            "hosted_zone_id": "Z3AQBSTGFYJSTF",
            "id": "raw-583338675555",
            "lifecycle_rule": [],
            "logging": [],
            "object_lock_configuration": [],
            "policy": null,
            "region": "us-east-1",
            "replication_configuration": [],
            "request_payer": "BucketOwner",
            "server_side_encryption_configuration": [],
            "tags": {},
            "tags_all": {},
            "versioning": [
              {
                "enabled": false,
                "mfa_delete": false
              }
            ],
            "website": [],
            "website_domain": null,
            "website_endpoint": null
          },
          "sensitive_attributes": [],
          "private": "bnVsbA=="
        }
      ]
    },
    {
      "module": "module.s3[0]",
      "mode": "managed",
      "type": "aws_s3_bucket_policy",
      "name": "b",
      "provider": "provider[\"registry.terraform.io/hashicorp/aws\"]",
      "instances": [
        {
          "schema_version": 0,
          "attributes": {
            "bucket": "raw-583338675555",
            "id": "raw-583338675555",
            "policy": "{\"Version\":\"2012-10-17\",\"Id\":\"Policy1631243474168\",\"Statement\":[{\"Sid\":\"Stmt1631243471998\",\"Effect\":\"Allow\",\"Principal\":\"*\",\"Action\":[\"s3:PutObject\",\"s3:GetObject\",\"s3:ListBucket\"],\"Resource\":[\"arn:aws:s3:::raw-583338675555\",\"arn:aws:s3:::raw-583338675555/*\"]}]}"
          },
          "sensitive_attributes": [],
          "private": "bnVsbA==",
          "dependencies": [
            "module.s3.aws_s3_bucket.s3-bucket"
          ]
        }
      ]
    },
    {
      "module": "module.s3[1]",
      "mode": "managed",
      "type": "aws_s3_bucket",
      "name": "s3-bucket",
      "provider": "provider[\"registry.terraform.io/hashicorp/aws\"]",
      "instances": [
        {
          "schema_version": 0,
          "attributes": {
            "acceleration_status": "",
            "acl": "private",
            "arn": "arn:aws:s3:::validated-583338675555",
            "bucket": "validated-583338675555",
            "bucket_domain_name": "validated-583338675555.s3.amazonaws.com",
            "bucket_prefix": null,
            "bucket_regional_domain_name": "validated-583338675555.s3.amazonaws.com",
            "cors_rule": [],
            "force_destroy": false,
            "grant": [],
            "hosted_zone_id": "Z3AQBSTGFYJSTF",
            "id": "validated-583338675555",
            "lifecycle_rule": [],
            "logging": [],
            "object_lock_configuration": [],
            "policy": null,
            "region": "us-east-1",
            "replication_configuration": [],
            "request_payer": "BucketOwner",
            "server_side_encryption_configuration": [],
            "tags": {},
            "tags_all": {},
            "versioning": [
              {
                "enabled": false,
                "mfa_delete": false
              }
            ],
            "website": [],
            "website_domain": null,
            "website_endpoint": null
          },
          "sensitive_attributes": [],
          "private": "bnVsbA=="
        }
      ]
    },
    {
      "module": "module.s3[1]",
      "mode": "managed",
      "type": "aws_s3_bucket_policy",
      "name": "b",
      "provider": "provider[\"registry.terraform.io/hashicorp/aws\"]",
      "instances": [
        {
          "schema_version": 0,
          "attributes": {
            "bucket": "validated-583338675555",
            "id": "validated-583338675555",
            "policy": "{\"Version\":\"2012-10-17\",\"Id\":\"Policy1631243474168\",\"Statement\":[{\"Sid\":\"Stmt1631243471998\",\"Effect\":\"Allow\",\"Principal\":\"*\",\"Action\":[\"s3:PutObject\",\"s3:GetObject\",\"s3:ListBucket\"],\"Resource\":[\"arn:aws:s3:::validated-583338675555\",\"arn:aws:s3:::validated-583338675555/*\"]}]}"
          },
          "sensitive_attributes": [],
          "private": "bnVsbA==",
          "dependencies": [
            "module.s3.aws_s3_bucket.s3-bucket"
          ]
        }
      ]
    },
    {
      "module": "module.s3[2]",
      "mode": "managed",
      "type": "aws_s3_bucket",
      "name": "s3-bucket",
      "provider": "provider[\"registry.terraform.io/hashicorp/aws\"]",
      "instances": [
        {
          "schema_version": 0,
          "attributes": {
            "acceleration_status": "",
            "acl": "private",
            "arn": "arn:aws:s3:::processed-583338675555",
            "bucket": "processed-583338675555",
            "bucket_domain_name": "processed-583338675555.s3.amazonaws.com",
            "bucket_prefix": null,
            "bucket_regional_domain_name": "processed-583338675555.s3.amazonaws.com",
            "cors_rule": [],
            "force_destroy": false,
            "grant": [],
            "hosted_zone_id": "Z3AQBSTGFYJSTF",
            "id": "processed-583338675555",
            "lifecycle_rule": [],
            "logging": [],
            "object_lock_configuration": [],
            "policy": null,
            "region": "us-east-1",
            "replication_configuration": [],
            "request_payer": "BucketOwner",
            "server_side_encryption_configuration": [],
            "tags": {},
            "tags_all": {},
            "versioning": [
              {
                "enabled": false,
                "mfa_delete": false
              }
            ],
            "website": [],
            "website_domain": null,
            "website_endpoint": null
          },
          "sensitive_attributes": [],
          "private": "bnVsbA=="
        }
      ]
    },
    {
      "module": "module.s3[2]",
      "mode": "managed",
      "type": "aws_s3_bucket_policy",
      "name": "b",
      "provider": "provider[\"registry.terraform.io/hashicorp/aws\"]",
      "instances": [
        {
          "schema_version": 0,
          "attributes": {
            "bucket": "processed-583338675555",
            "id": "processed-583338675555",
            "policy": "{\"Version\":\"2012-10-17\",\"Id\":\"Policy1631243474168\",\"Statement\":[{\"Sid\":\"Stmt1631243471998\",\"Effect\":\"Allow\",\"Principal\":\"*\",\"Action\":[\"s3:PutObject\",\"s3:GetObject\",\"s3:ListBucket\"],\"Resource\":[\"arn:aws:s3:::processed-583338675555\",\"arn:aws:s3:::processed-583338675555/*\"]}]}"
          },
          "sensitive_attributes": [],
          "private": "bnVsbA==",
          "dependencies": [
            "module.s3.aws_s3_bucket.s3-bucket"
          ]
        }
      ]
    }
  ]
}
